<?xml version="1.0" encoding="utf-8"?>
<Project ToolsVersion="4.0" xmlns="http://schemas.microsoft.com/developer/msbuild/2003">
  <ItemGroup>
    <Filter Include="Source Files">
      <UniqueIdentifier>{4FC737F1-C7A5-4376-A066-2A32D752A2FF}</UniqueIdentifier>
      <Extensions>cpp;c;cc;cxx;def;odl;idl;hpj;bat;asm;asmx</Extensions>
    </Filter>
    <Filter Include="Header Files">
      <UniqueIdentifier>{93995380-89BD-4b04-88EB-625FBE52EBFB}</UniqueIdentifier>
      <Extensions>h;hh;hpp;hxx;hm;inl;inc;xsd</Extensions>
    </Filter>
    <Filter Include="Resource Files">
      <UniqueIdentifier>{67DA6AB6-F800-4c08-8B7A-83BB121AAD01}</UniqueIdentifier>
      <Extensions>rc;ico;cur;bmp;dlg;rc2;rct;bin;rgs;gif;jpg;jpeg;jpe;resx;tiff;tif;png;wav</Extensions>
    </Filter>
    <Filter Include="Text Service Files">
      <UniqueIdentifier>{858b4807-863f-4fdc-8d80-3e669448ed9a}</UniqueIdentifier>
    </Filter>
  </ItemGroup>
  <ItemGroup>
    <ClCompile Include="context.cpp">
      <Filter>Source Files</Filter>
    </ClCompile>
    <ClCompile Include="dataobj.cpp">
      <Filter>Source Files</Filter>
    </ClCompile>
    <ClCompile Include="funcprov.cpp">
      <Filter>Source Files</Filter>
    </ClCompile>
    <ClCompile Include="persist.cpp">
      <Filter>Source Files</Filter>
    </ClCompile>
    <ClCompile Include="propldr.cpp">
      <Filter>Source Files</Filter>
    </ClCompile>
    <ClCompile Include="test.cpp">
      <Filter>Source Files</Filter>
    </ClCompile>
    <ClCompile Include="textstor.cpp">
      <Filter>Source Files</Filter>
    </ClCompile>
    <ClCompile Include="tsfapp.cpp">
      <Filter>Source Files</Filter>
    </ClCompile>
    <ClCompile Include="tsfedit.cpp">
      <Filter>Source Files</Filter>
    </ClCompile>
    <ClCompile Include="tsfwnd.cpp">
      <Filter>Source Files</Filter>
    </ClCompile>
    <ClCompile Include="stdafx.cpp">
      <Filter>Source Files</Filter>
    </ClCompile>
    <ClCompile Include="..\imcrvtip\input.cpp">
      <Filter>Source Files</Filter>
    </ClCompile>
    <ClCompile Include="..\imcrvtip\CandidateKeyHandler.cpp">
      <Filter>Text Service Files</Filter>
    </ClCompile>
    <ClCompile Include="..\imcrvtip\CandidateList.cpp">
      <Filter>Text Service Files</Filter>
    </ClCompile>
    <ClCompile Include="..\imcrvtip\CandidatePaint.cpp">
      <Filter>Text Service Files</Filter>
    </ClCompile>
    <ClCompile Include="..\imcrvtip\CandidateUIElement.cpp">
      <Filter>Text Service Files</Filter>
    </ClCompile>
    <ClCompile Include="..\imcrvtip\CandidateWindow.cpp">
      <Filter>Text Service Files</Filter>
    </ClCompile>
    <ClCompile Include="..\imcrvtip\Compartment.cpp">
      <Filter>Text Service Files</Filter>
    </ClCompile>
    <ClCompile Include="..\imcrvtip\CompartmentEventSink.cpp">
      <Filter>Text Service Files</Filter>
    </ClCompile>
    <ClCompile Include="..\imcrvtip\Composition.cpp">
      <Filter>Text Service Files</Filter>
    </ClCompile>
    <ClCompile Include="..\imcrvtip\DisplayAttributeProvider.cpp">
      <Filter>Text Service Files</Filter>
    </ClCompile>
    <ClCompile Include="..\imcrvtip\FnConfig.cpp">
      <Filter>Text Service Files</Filter>
    </ClCompile>
    <ClCompile Include="..\imcrvtip\FunctionProvider.cpp">
      <Filter>Text Service Files</Filter>
    </ClCompile>
    <ClCompile Include="..\imcrvtip\Globals.cpp">
      <Filter>Text Service Files</Filter>
    </ClCompile>
    <ClCompile Include="..\imcrvtip\InputModeWindow.cpp">
      <Filter>Text Service Files</Filter>
    </ClCompile>
    <ClCompile Include="..\imcrvtip\KeyEventSink.cpp">
      <Filter>Text Service Files</Filter>
    </ClCompile>
    <ClCompile Include="..\imcrvtip\KeyHandler.cpp">
      <Filter>Text Service Files</Filter>
    </ClCompile>
    <ClCompile Include="..\imcrvtip\KeyHandlerChar.cpp">
      <Filter>Text Service Files</Filter>
    </ClCompile>
    <ClCompile Include="..\imcrvtip\KeyHandlerControl.cpp">
      <Filter>Text Service Files</Filter>
    </ClCompile>
    <ClCompile Include="..\imcrvtip\KeyHandlerComposition.cpp">
      <Filter>Text Service Files</Filter>
    </ClCompile>
    <ClCompile Include="..\imcrvtip\KeyHandlerConv.cpp">
      <Filter>Text Service Files</Filter>
    </ClCompile>
    <ClCompile Include="..\imcrvtip\KeyHandlerDictionary.cpp">
      <Filter>Text Service Files</Filter>
    </ClCompile>
    <ClCompile Include="..\imcrvtip\LanguageBar.cpp">
      <Filter>Text Service Files</Filter>
    </ClCompile>
    <ClCompile Include="..\imcrvtip\Register.cpp">
      <Filter>Text Service Files</Filter>
    </ClCompile>
    <ClCompile Include="..\imcrvtip\Server.cpp">
      <Filter>Text Service Files</Filter>
    </ClCompile>
    <ClCompile Include="..\imcrvtip\TextEditSink.cpp">
      <Filter>Text Service Files</Filter>
    </ClCompile>
    <ClCompile Include="..\imcrvtip\TextService.cpp">
      <Filter>Text Service Files</Filter>
    </ClCompile>
    <ClCompile Include="..\imcrvtip\ThreadFocusSink.cpp">
      <Filter>Text Service Files</Filter>
    </ClCompile>
    <ClCompile Include="..\imcrvtip\ThreadMgrEventSink.cpp">
      <Filter>Text Service Files</Filter>
    </ClCompile>
    <ClCompile Include="..\common\common.cpp">
      <Filter>Text Service Files</Filter>
    </ClCompile>
    <ClCompile Include="..\common\configxml.cpp">
      <Filter>Text Service Files</Filter>
    </ClCompile>
  </ItemGroup>
  <ItemGroup>
    <ClInclude Include="afxres.h">
      <Filter>Header Files</Filter>
    </ClInclude>
    <ClInclude Include="dataobj.h">
      <Filter>Header Files</Filter>
    </ClInclude>
    <ClInclude Include="globals.h">
      <Filter>Header Files</Filter>
    </ClInclude>
    <ClInclude Include="propldr.h">
      <Filter>Header Files</Filter>
    </ClInclude>
    <ClInclude Include="resource.h">
      <Filter>Header Files</Filter>
    </ClInclude>
    <ClInclude Include="tsfedit.h">
      <Filter>Header Files</Filter>
    </ClInclude>
    <ClInclude Include="tsfwnd.h">
      <Filter>Header Files</Filter>
    </ClInclude>
    <ClInclude Include="winres.h">
      <Filter>Header Files</Filter>
    </ClInclude>
    <ClInclude Include="stdafx.h">
      <Filter>Header Files</Filter>
    </ClInclude>
    <ClInclude Include="..\imcrvtip\DisplayAttributeInfo.h">
      <Filter>Header Files</Filter>
    </ClInclude>
  </ItemGroup>
  <ItemGroup>
    <ResourceCompile Include="tsfapp.rc">
      <Filter>Resource Files</Filter>
    </ResourceCompile>
  </ItemGroup>
</Project>